// !$*UTF8*$!
{
	archiveVersion = 1;
	classes = {
	};
	objectVersion = 77;
	objects = {

/* Begin PBXContainerItemProxy section */
		1892B51F2E044E9000C51157 /* PBXContainerItemProxy */ = {
			isa = PBXContainerItemProxy;
			containerPortal = 1892B5062E044E8D00C51157 /* Project object */;
			proxyType = 1;
			remoteGlobalIDString = 1892B50D2E044E8D00C51157;
			remoteInfo = PortfolioApp.swift;
		};
		1892B5292E044E9000C51157 /* PBXContainerItemProxy */ = {
			isa = PBXContainerItemProxy;
			containerPortal = 1892B5062E044E8D00C51157 /* Project object */;
			proxyType = 1;
			remoteGlobalIDString = 1892B50D2E044E8D00C51157;
			remoteInfo = PortfolioApp.swift;
		};
/* End PBXContainerItemProxy section */

/* Begin PBXFileReference section */
		1892B50E2E044E8D00C51157 /* PortfolioApp.swift.app */ = {isa = PBXFileReference; explicitFileType = wrapper.application; includeInIndex = 0; path = PortfolioApp.swift.app; sourceTree = BUILT_PRODUCTS_DIR; };
		1892B51E2E044E9000C51157 /* PortfolioApp.swiftTests.xctest */ = {isa = PBXFileReference; explicitFileType = wrapper.cfbundle; includeInIndex = 0; path = PortfolioApp.swiftTests.xctest; sourceTree = BUILT_PRODUCTS_DIR; };
		1892B5282E044E9000C51157 /* PortfolioApp.swiftUITests.xctest */ = {isa = PBXFileReference; explicitFileType = wrapper.cfbundle; includeInIndex = 0; path = PortfolioApp.swiftUITests.xctest; sourceTree = BUILT_PRODUCTS_DIR; };
/* End PBXFileReference section */

/* Begin PBXFileSystemSynchronizedRootGroup section */
		1892B5102E044E8D00C51157 /* PortfolioApp.swift */ = {
			isa = PBXFileSystemSynchronizedRootGroup;
			path = PortfolioApp.swift;
			sourceTree = "<group>";
		};
		1892B5212E044E9000C51157 /* PortfolioApp.swiftTests */ = {
			isa = PBXFileSystemSynchronizedRootGroup;
			path = PortfolioApp.swiftTests;
			sourceTree = "<group>";
		};
		1892B52B2E044E9000C51157 /* PortfolioApp.swiftUITests */ = {
			isa = PBXFileSystemSynchronizedRootGroup;
			path = PortfolioApp.swiftUITests;
			sourceTree = "<group>";
		};
/* End PBXFileSystemSynchronizedRootGroup section */

/* Begin PBXFrameworksBuildPhase section */
		1892B50B2E044E8D00C51157 /* Frameworks */ = {
			isa = PBXFrameworksBuildPhase;
			buildActionMask = 2147483647;
			files = (
			);
			runOnlyForDeploymentPostprocessing = 0;
		};
		1892B51B2E044E9000C51157 /* Frameworks */ = {
			isa = PBXFrameworksBuildPhase;
			buildActionMask = 2147483647;
			files = (
			);
			runOnlyForDeploymentPostprocessing = 0;
		};
		1892B5252E044E9000C51157 /* Frameworks */ = {
			isa = PBXFrameworksBuildPhase;
			buildActionMask = 2147483647;
			files = (
			);
			runOnlyForDeploymentPostprocessing = 0;
		};
/* End PBXFrameworksBuildPhase section */

/* Begin PBXGroup section */
		1892B5052E044E8D00C51157 = {
			isa = PBXGroup;
			children = (
				1892B5102E044E8D00C51157 /* PortfolioApp.swift */,
				1892B5212E044E9000C51157 /* PortfolioApp.swiftTests */,
				1892B52B2E044E9000C51157 /* PortfolioApp.swiftUITests */,
				1892B50F2E044E8D00C51157 /* Products */,
			);
			sourceTree = "<group>";
		};
		1892B50F2E044E8D00C51157 /* Products */ = {
			isa = PBXGroup;
			children = (
				1892B50E2E044E8D00C51157 /* PortfolioApp.swift.app */,
				1892B51E2E044E9000C51157 /* PortfolioApp.swiftTests.xctest */,
				1892B5282E044E9000C51157 /* PortfolioApp.swiftUITests.xctest */,
			);
			name = Products;
			sourceTree = "<group>";
		};
/* End PBXGroup section */

/* Begin PBXNativeTarget section */
		1892B50D2E044E8D00C51157 /* PortfolioApp.swift */ = {
			isa = PBXNativeTarget;
			buildConfigurationList = 1892B5322E044E9000C51157 /* Build configuration list for PBXNativeTarget "PortfolioApp.swift" */;
			buildPhases = (
				1892B50A2E044E8D00C51157 /* Sources */,
				1892B50B2E044E8D00C51157 /* Frameworks */,
				1892B50C2E044E8D00C51157 /* Resources */,
			);
			buildRules = (
			);
			dependencies = (
			);
			fileSystemSynchronizedGroups = (
				1892B5102E044E8D00C51157 /* PortfolioApp.swift */,
			);
			name = PortfolioApp.swift;
			packageProductDependencies = (
			);
			productName = PortfolioApp.swift;
			productReference = 1892B50E2E044E8D00C51157 /* PortfolioApp.swift.app */;
			productType = "com.apple.product-type.application";
		};
		1892B51D2E044E9000C51157 /* PortfolioApp.swiftTests */ = {
			isa = PBXNativeTarget;
			buildConfigurationList = 1892B5352E044E9000C51157 /* Build configuration list for PBXNativeTarget "PortfolioApp.swiftTests" */;
			buildPhases = (
				1892B51A2E044E9000C51157 /* Sources */,
				1892B51B2E044E9000C51157 /* Frameworks */,
				1892B51C2E044E9000C51157 /* Resources */,
			);
			buildRules = (
			);
			dependencies = (
				1892B5202E044E9000C51157 /* PBXTargetDependency */,
			);
			fileSystemSynchronizedGroups = (
				1892B5212E044E9000C51157 /* PortfolioApp.swiftTests */,
			);
			name = PortfolioApp.swiftTests;
			packageProductDependencies = (
			);
			productName = PortfolioApp.swiftTests;
			productReference = 1892B51E2E044E9000C51157 /* PortfolioApp.swiftTests.xctest */;
			productType = "com.apple.product-type.bundle.unit-test";
		};
		1892B5272E044E9000C51157 /* PortfolioApp.swiftUITests */ = {
			isa = PBXNativeTarget;
			buildConfigurationList = 1892B5382E044E9000C51157 /* Build configuration list for PBXNativeTarget "PortfolioApp.swiftUITests" */;
			buildPhases = (
				1892B5242E044E9000C51157 /* Sources */,
				1892B5252E044E9000C51157 /* Frameworks */,
				1892B5262E044E9000C51157 /* Resources */,
			);
			buildRules = (
			);
			dependencies = (
				1892B52A2E044E9000C51157 /* PBXTargetDependency */,
			);
			fileSystemSynchronizedGroups = (
				1892B52B2E044E9000C51157 /* PortfolioApp.swiftUITests */,
			);
			name = PortfolioApp.swiftUITests;
			packageProductDependencies = (
			);
			productName = PortfolioApp.swiftUITests;
			productReference = 1892B5282E044E9000C51157 /* PortfolioApp.swiftUITests.xctest */;
			productType = "com.apple.product-type.bundle.ui-testing";
		};
/* End PBXNativeTarget section */

/* Begin PBXProject section */
		1892B5062E044E8D00C51157 /* Project object */ = {
			isa = PBXProject;
			attributes = {
				BuildIndependentTargetsInParallel = 1;
				LastSwiftUpdateCheck = 1620;
				LastUpgradeCheck = 1620;
				TargetAttributes = {
					1892B50D2E044E8D00C51157 = {
						CreatedOnToolsVersion = 16.2;
					};
					1892B51D2E044E9000C51157 = {
						CreatedOnToolsVersion = 16.2;
						TestTargetID = 1892B50D2E044E8D00C51157;
					};
					1892B5272E044E9000C51157 = {
						CreatedOnToolsVersion = 16.2;
						TestTargetID = 1892B50D2E044E8D00C51157;
					};
				};
			};
			buildConfigurationList = 1892B5092E044E8D00C51157 /* Build configuration list for PBXProject "PortfolioApp.swift" */;
			developmentRegion = en;
			hasScannedForEncodings = 0;
			knownRegions = (
				en,
				Base,
			);
			mainGroup = 1892B5052E044E8D00C51157;
			minimizedProjectReferenceProxies = 1;
			preferredProjectObjectVersion = 77;
			productRefGroup = 1892B50F2E044E8D00C51157 /* Products */;
			projectDirPath = "";
			projectRoot = "";
			targets = (
				1892B50D2E044E8D00C51157 /* PortfolioApp.swift */,
				1892B51D2E044E9000C51157 /* PortfolioApp.swiftTests */,
				1892B5272E044E9000C51157 /* PortfolioApp.swiftUITests */,
			);
		};
/* End PBXProject section */

/* Begin PBXResourcesBuildPhase section */
		1892B50C2E044E8D00C51157 /* Resources */ = {
			isa = PBXResourcesBuildPhase;
			buildActionMask = 2147483647;
			files = (
			);
			runOnlyForDeploymentPostprocessing = 0;
		};
		1892B51C2E044E9000C51157 /* Resources */ = {
			isa = PBXResourcesBuildPhase;
			buildActionMask = 2147483647;
			files = (
			);
			runOnlyForDeploymentPostprocessing = 0;
		};
		1892B5262E044E9000C51157 /* Resources */ = {
			isa = PBXResourcesBuildPhase;
			buildActionMask = 2147483647;
			files = (
			);
			runOnlyForDeploymentPostprocessing = 0;
		};
/* End PBXResourcesBuildPhase section */

/* Begin PBXSourcesBuildPhase section */
		1892B50A2E044E8D00C51157 /* Sources */ = {
			isa = PBXSourcesBuildPhase;
			buildActionMask = 2147483647;
			files = (
			);
			runOnlyForDeploymentPostprocessing = 0;
		};
		1892B51A2E044E9000C51157 /* Sources */ = {
			isa = PBXSourcesBuildPhase;
			buildActionMask = 2147483647;
			files = (
			);
			runOnlyForDeploymentPostprocessing = 0;
		};
		1892B5242E044E9000C51157 /* Sources */ = {
			isa = PBXSourcesBuildPhase;
			buildActionMask = 2147483647;
			files = (
			);
			runOnlyForDeploymentPostprocessing = 0;
		};
/* End PBXSourcesBuildPhase section */

/* Begin PBXTargetDependency section */
		1892B5202E044E9000C51157 /* PBXTargetDependency */ = {
			isa = PBXTargetDependency;
			target = 1892B50D2E044E8D00C51157 /* PortfolioApp.swift */;
			targetProxy = 1892B51F2E044E9000C51157 /* PBXContainerItemProxy */;
		};
		1892B52A2E044E9000C51157 /* PBXTargetDependency */ = {
			isa = PBXTargetDependency;
			target = 1892B50D2E044E8D00C51157 /* PortfolioApp.swift */;
			targetProxy = 1892B5292E044E9000C51157 /* PBXContainerItemProxy */;
		};
/* End PBXTargetDependency section */

/* Begin XCBuildConfiguration section */
		1892B5302E044E9000C51157 /* Debug */ = {
			isa = XCBuildConfiguration;
			buildSettings = {
				ALWAYS_SEARCH_USER_PATHS = NO;
				ASSETCATALOG_COMPILER_GENERATE_SWIFT_ASSET_SYMBOL_EXTENSIONS = YES;
				CLANG_ANALYZER_NONNULL = YES;
				CLANG_ANALYZER_NUMBER_OBJECT_CONVERSION = YES_AGGRESSIVE;
				CLANG_CXX_LANGUAGE_STANDARD = "gnu++20";
				CLANG_ENABLE_MODULES = YES;
				CLANG_ENABLE_OBJC_ARC = YES;
				CLANG_ENABLE_OBJC_WEAK = YES;
				CLANG_WARN_BLOCK_CAPTURE_AUTORELEASING = YES;
				CLANG_WARN_BOOL_CONVERSION = YES;
				CLANG_WARN_COMMA = YES;
				CLANG_WARN_CONSTANT_CONVERSION = YES;
				CLANG_WARN_DEPRECATED_OBJC_IMPLEMENTATIONS = YES;
				CLANG_WARN_DIRECT_OBJC_ISA_USAGE = YES_ERROR;
				CLANG_WARN_DOCUMENTATION_COMMENTS = YES;
				CLANG_WARN_EMPTY_BODY = YES;
				CLANG_WARN_ENUM_CONVERSION = YES;
				CLANG_WARN_INFINITE_RECURSION = YES;
				CLANG_WARN_INT_CONVERSION = YES;
				CLANG_WARN_NON_LITERAL_NULL_CONVERSION = YES;
				CLANG_WARN_OBJC_IMPLICIT_RETAIN_SELF = YES;
				CLANG_WARN_OBJC_LITERAL_CONVERSION = YES;
				CLANG_WARN_OBJC_ROOT_CLASS = YES_ERROR;
				CLANG_WARN_QUOTED_INCLUDE_IN_FRAMEWORK_HEADER = YES;
				CLANG_WARN_RANGE_LOOP_ANALYSIS = YES;
				CLANG_WARN_STRICT_PROTOTYPES = YES;
				CLANG_WARN_SUSPICIOUS_MOVE = YES;
				CLANG_WARN_UNGUARDED_AVAILABILITY = YES_AGGRESSIVE;
				CLANG_WARN_UNREACHABLE_CODE = YES;
				CLANG_WARN__DUPLICATE_METHOD_MATCH = YES;
				COPY_PHASE_STRIP = NO;
				DEBUG_INFORMATION_FORMAT = dwarf;
				ENABLE_STRICT_OBJC_MSGSEND = YES;
				ENABLE_TESTABILITY = YES;
				ENABLE_USER_SCRIPT_SANDBOXING = YES;
				GCC_C_LANGUAGE_STANDARD = gnu17;
				GCC_DYNAMIC_NO_PIC = NO;
				GCC_NO_COMMON_BLOCKS = YES;
				GCC_OPTIMIZATION_LEVEL = 0;
				GCC_PREPROCESSOR_DEFINITIONS = (
					"DEBUG=1",
					"$(inherited)",
				);
				GCC_WARN_64_TO_32_BIT_CONVERSION = YES;
				GCC_WARN_ABOUT_RETURN_TYPE = YES_ERROR;
				GCC_WARN_UNDECLARED_SELECTOR = YES;
				GCC_WARN_UNINITIALIZED_AUTOS = YES_AGGRESSIVE;
				GCC_WARN_UNUSED_FUNCTION = YES;
				GCC_WARN_UNUSED_VARIABLE = YES;
				IPHONEOS_DEPLOYMENT_TARGET = 18.2;
				LOCALIZATION_PREFERS_STRING_CATALOGS = YES;
				MTL_ENABLE_DEBUG_INFO = INCLUDE_SOURCE;
				MTL_FAST_MATH = YES;
				ONLY_ACTIVE_ARCH = YES;
				SDKROOT = iphoneos;
				SWIFT_ACTIVE_COMPILATION_CONDITIONS = "DEBUG $(inherited)";
				SWIFT_OPTIMIZATION_LEVEL = "-Onone";
			};
			name = Debug;
		};
		1892B5312E044E9000C51157 /* Release */ = {
			isa = XCBuildConfiguration;
			buildSettings = {
				ALWAYS_SEARCH_USER_PATHS = NO;
				ASSETCATALOG_COMPILER_GENERATE_SWIFT_ASSET_SYMBOL_EXTENSIONS = YES;
				CLANG_ANALYZER_NONNULL = YES;
				CLANG_ANALYZER_NUMBER_OBJECT_CONVERSION = YES_AGGRESSIVE;
				CLANG_CXX_LANGUAGE_STANDARD = "gnu++20";
				CLANG_ENABLE_MODULES = YES;
				CLANG_ENABLE_OBJC_ARC = YES;
				CLANG_ENABLE_OBJC_WEAK = YES;
				CLANG_WARN_BLOCK_CAPTURE_AUTORELEASING = YES;
				CLANG_WARN_BOOL_CONVERSION = YES;
				CLANG_WARN_COMMA = YES;
				CLANG_WARN_CONSTANT_CONVERSION = YES;
				CLANG_WARN_DEPRECATED_OBJC_IMPLEMENTATIONS = YES;
				CLANG_WARN_DIRECT_OBJC_ISA_USAGE = YES_ERROR;
				CLANG_WARN_DOCUMENTATION_COMMENTS = YES;
				CLANG_WARN_EMPTY_BODY = YES;
				CLANG_WARN_ENUM_CONVERSION = YES;
				CLANG_WARN_INFINITE_RECURSION = YES;
				CLANG_WARN_INT_CONVERSION = YES;
				CLANG_WARN_NON_LITERAL_NULL_CONVERSION = YES;
				CLANG_WARN_OBJC_IMPLICIT_RETAIN_SELF = YES;
				CLANG_WARN_OBJC_LITERAL_CONVERSION = YES;
				CLANG_WARN_OBJC_ROOT_CLASS = YES_ERROR;
				CLANG_WARN_QUOTED_INCLUDE_IN_FRAMEWORK_HEADER = YES;
				CLANG_WARN_RANGE_LOOP_ANALYSIS = YES;
				CLANG_WARN_STRICT_PROTOTYPES = YES;
				CLANG_WARN_SUSPICIOUS_MOVE = YES;
				CLANG_WARN_UNGUARDED_AVAILABILITY = YES_AGGRESSIVE;
				CLANG_WARN_UNREACHABLE_CODE = YES;
				CLANG_WARN__DUPLICATE_METHOD_MATCH = YES;
				COPY_PHASE_STRIP = NO;
				DEBUG_INFORMATION_FORMAT = "dwarf-with-dsym";
				ENABLE_NS_ASSERTIONS = NO;
				ENABLE_STRICT_OBJC_MSGSEND = YES;
				ENABLE_USER_SCRIPT_SANDBOXING = YES;
				GCC_C_LANGUAGE_STANDARD = gnu17;
				GCC_NO_COMMON_BLOCKS = YES;
				GCC_WARN_64_TO_32_BIT_CONVERSION = YES;
				GCC_WARN_ABOUT_RETURN_TYPE = YES_ERROR;
				GCC_WARN_UNDECLARED_SELECTOR = YES;
				GCC_WARN_UNINITIALIZED_AUTOS = YES_AGGRESSIVE;
				GCC_WARN_UNUSED_FUNCTION = YES;
				GCC_WARN_UNUSED_VARIABLE = YES;
				IPHONEOS_DEPLOYMENT_TARGET = 18.2;
				LOCALIZATION_PREFERS_STRING_CATALOGS = YES;
				MTL_ENABLE_DEBUG_INFO = NO;
				MTL_FAST_MATH = YES;
				SDKROOT = iphoneos;
				SWIFT_COMPILATION_MODE = wholemodule;
				VALIDATE_PRODUCT = YES;
			};
			name = Release;
		};
		1892B5332E044E9000C51157 /* Debug */ = {
			isa = XCBuildConfiguration;
			buildSettings = {
				ASSETCATALOG_COMPILER_APPICON_NAME = AppIcon;
				ASSETCATALOG_COMPILER_GLOBAL_ACCENT_COLOR_NAME = AccentColor;
				CODE_SIGN_STYLE = Automatic;
				CURRENT_PROJECT_VERSION = 1;
				DEVELOPMENT_ASSET_PATHS = "\"PortfolioApp.swift/Preview Content\"";
				ENABLE_PREVIEWS = YES;
				GENERATE_INFOPLIST_FILE = YES;
				INFOPLIST_KEY_UIApplicationSceneManifest_Generation = YES;
				INFOPLIST_KEY_UIApplicationSupportsIndirectInputEvents = YES;
				INFOPLIST_KEY_UILaunchScreen_Generation = YES;
				INFOPLIST_KEY_UISupportedInterfaceOrientations_iPad = "UIInterfaceOrientationPortrait UIInterfaceOrientationPortraitUpsideDown UIInterfaceOrientationLandscapeLeft UIInterfaceOrientationLandscapeRight";
				INFOPLIST_KEY_UISupportedInterfaceOrientations_iPhone = "UIInterfaceOrientationPortrait UIInterfaceOrientationLandscapeLeft UIInterfaceOrientationLandscapeRight";
				LD_RUNPATH_SEARCH_PATHS = (
					"$(inherited)",
					"@executable_path/Frameworks",
				);
				MARKETING_VERSION = 1.0;
				PRODUCT_BUNDLE_IDENTIFIER = "com.mymusic.PortfolioApp-swift";
				PRODUCT_NAME = "$(TARGET_NAME)";
				SWIFT_EMIT_LOC_STRINGS = YES;
				SWIFT_VERSION = 5.0;
				TARGETED_DEVICE_FAMILY = "1,2";
			};
			name = Debug;
		};
		1892B5342E044E9000C51157 /* Release */ = {
			isa = XCBuildConfiguration;
			buildSettings = {
				ASSETCATALOG_COMPILER_APPICON_NAME = AppIcon;
				ASSETCATALOG_COMPILER_GLOBAL_ACCENT_COLOR_NAME = AccentColor;
				CODE_SIGN_STYLE = Automatic;
				CURRENT_PROJECT_VERSION = 1;
				DEVELOPMENT_ASSET_PATHS = "\"PortfolioApp.swift/Preview Content\"";
				ENABLE_PREVIEWS = YES;
				GENERATE_INFOPLIST_FILE = YES;
				INFOPLIST_KEY_UIApplicationSceneManifest_Generation = YES;
				INFOPLIST_KEY_UIApplicationSupportsIndirectInputEvents = YES;
				INFOPLIST_KEY_UILaunchScreen_Generation = YES;
				INFOPLIST_KEY_UISupportedInterfaceOrientations_iPad = "UIInterfaceOrientationPortrait UIInterfaceOrientationPortraitUpsideDown UIInterfaceOrientationLandscapeLeft UIInterfaceOrientationLandscapeRight";
				INFOPLIST_KEY_UISupportedInterfaceOrientations_iPhone = "UIInterfaceOrientationPortrait UIInterfaceOrientationLandscapeLeft UIInterfaceOrientationLandscapeRight";
				LD_RUNPATH_SEARCH_PATHS = (
					"$(inherited)",
					"@executable_path/Frameworks",
				);
				MARKETING_VERSION = 1.0;
				PRODUCT_BUNDLE_IDENTIFIER = "com.mymusic.PortfolioApp-swift";
				PRODUCT_NAME = "$(TARGET_NAME)";
				SWIFT_EMIT_LOC_STRINGS = YES;
				SWIFT_VERSION = 5.0;
				TARGETED_DEVICE_FAMILY = "1,2";
			};
			name = Release;
		};
		1892B5362E044E9000C51157 /* Debug */ = {
			isa = XCBuildConfiguration;
			buildSettings = {
				BUNDLE_LOADER = "$(TEST_HOST)";
				CODE_SIGN_STYLE = Automatic;
				CURRENT_PROJECT_VERSION = 1;
				GENERATE_INFOPLIST_FILE = YES;
				IPHONEOS_DEPLOYMENT_TARGET = 18.2;
				MARKETING_VERSION = 1.0;
				PRODUCT_BUNDLE_IDENTIFIER = "com.mymusic.PortfolioApp-swiftTests";
				PRODUCT_NAME = "$(TARGET_NAME)";
				SWIFT_EMIT_LOC_STRINGS = NO;
				SWIFT_VERSION = 5.0;
				TARGETED_DEVICE_FAMILY = "1,2";
				TEST_HOST = "$(BUILT_PRODUCTS_DIR)/PortfolioApp.swift.app/$(BUNDLE_EXECUTABLE_FOLDER_PATH)/PortfolioApp.swift";
			};
			name = Debug;
		};
		1892B5372E044E9000C51157 /* Release */ = {
			isa = XCBuildConfiguration;
			buildSettings = {
				BUNDLE_LOADER = "$(TEST_HOST)";
				CODE_SIGN_STYLE = Automatic;
				CURRENT_PROJECT_VERSION = 1;
				GENERATE_INFOPLIST_FILE = YES;
				IPHONEOS_DEPLOYMENT_TARGET = 18.2;
				MARKETING_VERSION = 1.0;
				PRODUCT_BUNDLE_IDENTIFIER = "com.mymusic.PortfolioApp-swiftTests";
				PRODUCT_NAME = "$(TARGET_NAME)";
				SWIFT_EMIT_LOC_STRINGS = NO;
				SWIFT_VERSION = 5.0;
				TARGETED_DEVICE_FAMILY = "1,2";
				TEST_HOST = "$(BUILT_PRODUCTS_DIR)/PortfolioApp.swift.app/$(BUNDLE_EXECUTABLE_FOLDER_PATH)/PortfolioApp.swift";
			};
			name = Release;
		};
		1892B5392E044E9000C51157 /* Debug */ = {
			isa = XCBuildConfiguration;
			buildSettings = {
				CODE_SIGN_STYLE = Automatic;
				CURRENT_PROJECT_VERSION = 1;
				GENERATE_INFOPLIST_FILE = YES;
				MARKETING_VERSION = 1.0;
				PRODUCT_BUNDLE_IDENTIFIER = "com.mymusic.PortfolioApp-swiftUITests";
				PRODUCT_NAME = "$(TARGET_NAME)";
				SWIFT_EMIT_LOC_STRINGS = NO;
				SWIFT_VERSION = 5.0;
				TARGETED_DEVICE_FAMILY = "1,2";
				TEST_TARGET_NAME = PortfolioApp.swift;
			};
			name = Debug;
		};
		1892B53A2E044E9000C51157 /* Release */ = {
			isa = XCBuildConfiguration;
			buildSettings = {
				CODE_SIGN_STYLE = Automatic;
				CURRENT_PROJECT_VERSION = 1;
				GENERATE_INFOPLIST_FILE = YES;
				MARKETING_VERSION = 1.0;
				PRODUCT_BUNDLE_IDENTIFIER = "com.mymusic.PortfolioApp-swiftUITests";
				PRODUCT_NAME = "$(TARGET_NAME)";
				SWIFT_EMIT_LOC_STRINGS = NO;
				SWIFT_VERSION = 5.0;
				TARGETED_DEVICE_FAMILY = "1,2";
				TEST_TARGET_NAME = PortfolioApp.swift;
			};
			name = Release;
		};
/* End XCBuildConfiguration section */

/* Begin XCConfigurationList section */
		1892B5092E044E8D00C51157 /* Build configuration list for PBXProject "PortfolioApp.swift" */ = {
			isa = XCConfigurationList;
			buildConfigurations = (
				1892B5302E044E9000C51157 /* Debug */,
				1892B5312E044E9000C51157 /* Release */,
			);
			defaultConfigurationIsVisible = 0;
			defaultConfigurationName = Release;
		};
		1892B5322E044E9000C51157 /* Build configuration list for PBXNativeTarget "PortfolioApp.swift" */ = {
			isa = XCConfigurationList;
			buildConfigurations = (
				1892B5332E044E9000C51157 /* Debug */,
				1892B5342E044E9000C51157 /* Release */,
			);
			defaultConfigurationIsVisible = 0;
			defaultConfigurationName = Release;
		};
		1892B5352E044E9000C51157 /* Build configuration list for PBXNativeTarget "PortfolioApp.swiftTests" */ = {
			isa = XCConfigurationList;
			buildConfigurations = (
				1892B5362E044E9000C51157 /* Debug */,
				1892B5372E044E9000C51157 /* Release */,
			);
			defaultConfigurationIsVisible = 0;
			defaultConfigurationName = Release;
		};
		1892B5382E044E9000C51157 /* Build configuration list for PBXNativeTarget "PortfolioApp.swiftUITests" */ = {
			isa = XCConfigurationList;
			buildConfigurations = (
				1892B5392E044E9000C51157 /* Debug */,
				1892B53A2E044E9000C51157 /* Release */,
			);
			defaultConfigurationIsVisible = 0;
			defaultConfigurationName = Release;
		};
/* End XCConfigurationList section */
	};
	rootObject = 1892B5062E044E8D00C51157 /* Project object */;
}
